// !$*UTF8*$!
{
	archiveVersion = 1;
	classes = {
	};
	objectVersion = 56;
	objects = {

/* Begin PBXBuildFile section */
		1534EB5F28C6429100BBE7D0 /* AppDelegate.swift in Sources */ = {isa = PBXBuildFile; fileRef = 1534EB5E28C6429100BBE7D0 /* AppDelegate.swift */; };
		1534EB6128C6429100BBE7D0 /* SceneDelegate.swift in Sources */ = {isa = PBXBuildFile; fileRef = 1534EB6028C6429100BBE7D0 /* SceneDelegate.swift */; };
		1534EB6828C6429200BBE7D0 /* Assets.xcassets in Resources */ = {isa = PBXBuildFile; fileRef = 1534EB6728C6429200BBE7D0 /* Assets.xcassets */; };
		1534EB6B28C6429200BBE7D0 /* LaunchScreen.storyboard in Resources */ = {isa = PBXBuildFile; fileRef = 1534EB6928C6429200BBE7D0 /* LaunchScreen.storyboard */; };
		15492E2128FBEC740016C337 /* HistoryViewController.swift in Sources */ = {isa = PBXBuildFile; fileRef = 15492E2028FBEC740016C337 /* HistoryViewController.swift */; };
		15492E2628FBEE530016C337 /* PickupTableViewCell.swift in Sources */ = {isa = PBXBuildFile; fileRef = 15492E2428FBEE530016C337 /* PickupTableViewCell.swift */; };
		15492E2728FBEE530016C337 /* PickupTableViewCell.xib in Resources */ = {isa = PBXBuildFile; fileRef = 15492E2528FBEE530016C337 /* PickupTableViewCell.xib */; };
		15492E2928FBF45D0016C337 /* Order.swift in Sources */ = {isa = PBXBuildFile; fileRef = 15492E2828FBF45D0016C337 /* Order.swift */; };
		15492E2B28FD78300016C337 /* OrderViewController.swift in Sources */ = {isa = PBXBuildFile; fileRef = 15492E2A28FD78300016C337 /* OrderViewController.swift */; };
		15492E3028FD87790016C337 /* HistoryTableViewCell.swift in Sources */ = {isa = PBXBuildFile; fileRef = 15492E2E28FD87790016C337 /* HistoryTableViewCell.swift */; };
		15492E3128FD87790016C337 /* HistoryTableViewCell.xib in Resources */ = {isa = PBXBuildFile; fileRef = 15492E2F28FD87790016C337 /* HistoryTableViewCell.xib */; };
		1555D3C128DB7B8900650C1C /* CustomBarItem.swift in Sources */ = {isa = PBXBuildFile; fileRef = 1555D3C028DB7B8900650C1C /* CustomBarItem.swift */; };
		1555D3C328DB7FAC00650C1C /* ShopViewController.swift in Sources */ = {isa = PBXBuildFile; fileRef = 1555D3C228DB7FAC00650C1C /* ShopViewController.swift */; };
		1555D3C628E02DD200650C1C /* HomeTableViewCell.swift in Sources */ = {isa = PBXBuildFile; fileRef = 1555D3C428E02DD200650C1C /* HomeTableViewCell.swift */; };
		1555D3C728E02DD200650C1C /* HomeTableViewCell.xib in Resources */ = {isa = PBXBuildFile; fileRef = 1555D3C528E02DD200650C1C /* HomeTableViewCell.xib */; };
		1575D2FF2902582900A8423F /* City.swift in Sources */ = {isa = PBXBuildFile; fileRef = 1575D2FE2902582900A8423F /* City.swift */; };
		1575D30229068CBC00A8423F /* OrderTableViewCell.swift in Sources */ = {isa = PBXBuildFile; fileRef = 1575D30029068CBC00A8423F /* OrderTableViewCell.swift */; };
		1575D30329068CBC00A8423F /* OrderTableViewCell.xib in Resources */ = {isa = PBXBuildFile; fileRef = 1575D30129068CBC00A8423F /* OrderTableViewCell.xib */; };
		1578CDF4290D1FAA0064CFC8 /* ShopBagViewController.swift in Sources */ = {isa = PBXBuildFile; fileRef = 1578CDF3290D1FAA0064CFC8 /* ShopBagViewController.swift */; };
		1587A83F28F2B5E00086B564 /* ShopTableViewCell.swift in Sources */ = {isa = PBXBuildFile; fileRef = 1587A83D28F2B5E00086B564 /* ShopTableViewCell.swift */; };
		1587A84028F2B5E00086B564 /* ShopTableViewCell.xib in Resources */ = {isa = PBXBuildFile; fileRef = 1587A83E28F2B5E00086B564 /* ShopTableViewCell.xib */; };
		1587A84528F599110086B564 /* ShopCollectionViewCell.swift in Sources */ = {isa = PBXBuildFile; fileRef = 1587A84328F599110086B564 /* ShopCollectionViewCell.swift */; };
		1587A84628F599110086B564 /* ShopCollectionViewCell.xib in Resources */ = {isa = PBXBuildFile; fileRef = 1587A84428F599110086B564 /* ShopCollectionViewCell.xib */; };
		1587A84828F6EF550086B564 /* Shop.swift in Sources */ = {isa = PBXBuildFile; fileRef = 1587A84728F6EF550086B564 /* Shop.swift */; };
		15968D2A28E0332C00E28278 /* APICaller.swift in Sources */ = {isa = PBXBuildFile; fileRef = 15968D2928E0332C00E28278 /* APICaller.swift */; };
		15968D2C28E0335200E28278 /* Menu.swift in Sources */ = {isa = PBXBuildFile; fileRef = 15968D2B28E0335200E28278 /* Menu.swift */; };
		15B8F94A2908368B00E7F3F8 /* DrinkInfoViewController.swift in Sources */ = {isa = PBXBuildFile; fileRef = 15B8F9492908368B00E7F3F8 /* DrinkInfoViewController.swift */; };
		15B8F94D2908394E00E7F3F8 /* DrinkInfoTableViewCell.swift in Sources */ = {isa = PBXBuildFile; fileRef = 15B8F94B2908394E00E7F3F8 /* DrinkInfoTableViewCell.swift */; };
		15B8F94E2908394E00E7F3F8 /* DrinkInfoTableViewCell.xib in Resources */ = {isa = PBXBuildFile; fileRef = 15B8F94C2908394E00E7F3F8 /* DrinkInfoTableViewCell.xib */; };
		15D42936291032FE0050BBFE /* ShopBagTableViewCell.swift in Sources */ = {isa = PBXBuildFile; fileRef = 15D42934291032FE0050BBFE /* ShopBagTableViewCell.swift */; };
		15D42937291032FE0050BBFE /* ShopBagTableViewCell.xib in Resources */ = {isa = PBXBuildFile; fileRef = 15D42935291032FE0050BBFE /* ShopBagTableViewCell.xib */; };
		15F6420A28E0537400A9A545 /* Extension.swift in Sources */ = {isa = PBXBuildFile; fileRef = 15F6420928E0537400A9A545 /* Extension.swift */; };
		15FAA06828DB73EF009D77D1 /* HomeNavigationController.swift in Sources */ = {isa = PBXBuildFile; fileRef = 15FAA06728DB73EF009D77D1 /* HomeNavigationController.swift */; };
		15FAA06A28DB7445009D77D1 /* HomeViewController.swift in Sources */ = {isa = PBXBuildFile; fileRef = 15FAA06928DB7445009D77D1 /* HomeViewController.swift */; };
		15FAA06C28DB748D009D77D1 /* PickUpViewController.swift in Sources */ = {isa = PBXBuildFile; fileRef = 15FAA06B28DB748D009D77D1 /* PickUpViewController.swift */; };
		15FAA06E28DB7799009D77D1 /* HomeTabBarController.swift in Sources */ = {isa = PBXBuildFile; fileRef = 15FAA06D28DB7799009D77D1 /* HomeTabBarController.swift */; };
		15FAA07028DB781C009D77D1 /* CustomTabBarController.swift in Sources */ = {isa = PBXBuildFile; fileRef = 15FAA06F28DB781C009D77D1 /* CustomTabBarController.swift */; };
/* End PBXBuildFile section */

/* Begin PBXFileReference section */
		1534EB5B28C6429100BBE7D0 /* DrinkApp.app */ = {isa = PBXFileReference; explicitFileType = wrapper.application; includeInIndex = 0; path = DrinkApp.app; sourceTree = BUILT_PRODUCTS_DIR; };
		1534EB5E28C6429100BBE7D0 /* AppDelegate.swift */ = {isa = PBXFileReference; lastKnownFileType = sourcecode.swift; path = AppDelegate.swift; sourceTree = "<group>"; };
		1534EB6028C6429100BBE7D0 /* SceneDelegate.swift */ = {isa = PBXFileReference; lastKnownFileType = sourcecode.swift; path = SceneDelegate.swift; sourceTree = "<group>"; };
		1534EB6728C6429200BBE7D0 /* Assets.xcassets */ = {isa = PBXFileReference; lastKnownFileType = folder.assetcatalog; path = Assets.xcassets; sourceTree = "<group>"; };
		1534EB6A28C6429200BBE7D0 /* Base */ = {isa = PBXFileReference; lastKnownFileType = file.storyboard; name = Base; path = Base.lproj/LaunchScreen.storyboard; sourceTree = "<group>"; };
		1534EB6C28C6429200BBE7D0 /* Info.plist */ = {isa = PBXFileReference; lastKnownFileType = text.plist.xml; path = Info.plist; sourceTree = "<group>"; };
		15492E2028FBEC740016C337 /* HistoryViewController.swift */ = {isa = PBXFileReference; lastKnownFileType = sourcecode.swift; path = HistoryViewController.swift; sourceTree = "<group>"; };
		15492E2428FBEE530016C337 /* PickupTableViewCell.swift */ = {isa = PBXFileReference; lastKnownFileType = sourcecode.swift; path = PickupTableViewCell.swift; sourceTree = "<group>"; };
		15492E2528FBEE530016C337 /* PickupTableViewCell.xib */ = {isa = PBXFileReference; lastKnownFileType = file.xib; path = PickupTableViewCell.xib; sourceTree = "<group>"; };
		15492E2828FBF45D0016C337 /* Order.swift */ = {isa = PBXFileReference; lastKnownFileType = sourcecode.swift; path = Order.swift; sourceTree = "<group>"; };
		15492E2A28FD78300016C337 /* OrderViewController.swift */ = {isa = PBXFileReference; lastKnownFileType = sourcecode.swift; path = OrderViewController.swift; sourceTree = "<group>"; };
		15492E2E28FD87790016C337 /* HistoryTableViewCell.swift */ = {isa = PBXFileReference; lastKnownFileType = sourcecode.swift; path = HistoryTableViewCell.swift; sourceTree = "<group>"; };
		15492E2F28FD87790016C337 /* HistoryTableViewCell.xib */ = {isa = PBXFileReference; lastKnownFileType = file.xib; path = HistoryTableViewCell.xib; sourceTree = "<group>"; };
		1555D3C028DB7B8900650C1C /* CustomBarItem.swift */ = {isa = PBXFileReference; lastKnownFileType = sourcecode.swift; path = CustomBarItem.swift; sourceTree = "<group>"; };
		1555D3C228DB7FAC00650C1C /* ShopViewController.swift */ = {isa = PBXFileReference; lastKnownFileType = sourcecode.swift; path = ShopViewController.swift; sourceTree = "<group>"; };
		1555D3C428E02DD200650C1C /* HomeTableViewCell.swift */ = {isa = PBXFileReference; lastKnownFileType = sourcecode.swift; path = HomeTableViewCell.swift; sourceTree = "<group>"; };
		1555D3C528E02DD200650C1C /* HomeTableViewCell.xib */ = {isa = PBXFileReference; lastKnownFileType = file.xib; path = HomeTableViewCell.xib; sourceTree = "<group>"; };
		1575D2FE2902582900A8423F /* City.swift */ = {isa = PBXFileReference; lastKnownFileType = sourcecode.swift; path = City.swift; sourceTree = "<group>"; };
		1575D30029068CBC00A8423F /* OrderTableViewCell.swift */ = {isa = PBXFileReference; lastKnownFileType = sourcecode.swift; path = OrderTableViewCell.swift; sourceTree = "<group>"; };
		1575D30129068CBC00A8423F /* OrderTableViewCell.xib */ = {isa = PBXFileReference; lastKnownFileType = file.xib; path = OrderTableViewCell.xib; sourceTree = "<group>"; };
		1578CDF3290D1FAA0064CFC8 /* ShopBagViewController.swift */ = {isa = PBXFileReference; lastKnownFileType = sourcecode.swift; path = ShopBagViewController.swift; sourceTree = "<group>"; };
		1587A83D28F2B5E00086B564 /* ShopTableViewCell.swift */ = {isa = PBXFileReference; lastKnownFileType = sourcecode.swift; path = ShopTableViewCell.swift; sourceTree = "<group>"; };
		1587A83E28F2B5E00086B564 /* ShopTableViewCell.xib */ = {isa = PBXFileReference; lastKnownFileType = file.xib; path = ShopTableViewCell.xib; sourceTree = "<group>"; };
		1587A84328F599110086B564 /* ShopCollectionViewCell.swift */ = {isa = PBXFileReference; lastKnownFileType = sourcecode.swift; path = ShopCollectionViewCell.swift; sourceTree = "<group>"; };
		1587A84428F599110086B564 /* ShopCollectionViewCell.xib */ = {isa = PBXFileReference; lastKnownFileType = file.xib; path = ShopCollectionViewCell.xib; sourceTree = "<group>"; };
		1587A84728F6EF550086B564 /* Shop.swift */ = {isa = PBXFileReference; lastKnownFileType = sourcecode.swift; path = Shop.swift; sourceTree = "<group>"; };
		15968D2928E0332C00E28278 /* APICaller.swift */ = {isa = PBXFileReference; lastKnownFileType = sourcecode.swift; path = APICaller.swift; sourceTree = "<group>"; };
		15968D2B28E0335200E28278 /* Menu.swift */ = {isa = PBXFileReference; lastKnownFileType = sourcecode.swift; path = Menu.swift; sourceTree = "<group>"; };
		15B8F9492908368B00E7F3F8 /* DrinkInfoViewController.swift */ = {isa = PBXFileReference; lastKnownFileType = sourcecode.swift; path = DrinkInfoViewController.swift; sourceTree = "<group>"; };
		15B8F94B2908394E00E7F3F8 /* DrinkInfoTableViewCell.swift */ = {isa = PBXFileReference; lastKnownFileType = sourcecode.swift; path = DrinkInfoTableViewCell.swift; sourceTree = "<group>"; };
		15B8F94C2908394E00E7F3F8 /* DrinkInfoTableViewCell.xib */ = {isa = PBXFileReference; lastKnownFileType = file.xib; path = DrinkInfoTableViewCell.xib; sourceTree = "<group>"; };
		15D42934291032FE0050BBFE /* ShopBagTableViewCell.swift */ = {isa = PBXFileReference; lastKnownFileType = sourcecode.swift; path = ShopBagTableViewCell.swift; sourceTree = "<group>"; };
		15D42935291032FE0050BBFE /* ShopBagTableViewCell.xib */ = {isa = PBXFileReference; lastKnownFileType = file.xib; path = ShopBagTableViewCell.xib; sourceTree = "<group>"; };
		15F6420928E0537400A9A545 /* Extension.swift */ = {isa = PBXFileReference; lastKnownFileType = sourcecode.swift; path = Extension.swift; sourceTree = "<group>"; };
		15FAA06728DB73EF009D77D1 /* HomeNavigationController.swift */ = {isa = PBXFileReference; lastKnownFileType = sourcecode.swift; path = HomeNavigationController.swift; sourceTree = "<group>"; };
		15FAA06928DB7445009D77D1 /* HomeViewController.swift */ = {isa = PBXFileReference; lastKnownFileType = sourcecode.swift; path = HomeViewController.swift; sourceTree = "<group>"; };
		15FAA06B28DB748D009D77D1 /* PickUpViewController.swift */ = {isa = PBXFileReference; lastKnownFileType = sourcecode.swift; path = PickUpViewController.swift; sourceTree = "<group>"; };
		15FAA06D28DB7799009D77D1 /* HomeTabBarController.swift */ = {isa = PBXFileReference; lastKnownFileType = sourcecode.swift; path = HomeTabBarController.swift; sourceTree = "<group>"; };
		15FAA06F28DB781C009D77D1 /* CustomTabBarController.swift */ = {isa = PBXFileReference; lastKnownFileType = sourcecode.swift; path = CustomTabBarController.swift; sourceTree = "<group>"; };
/* End PBXFileReference section */

/* Begin PBXFrameworksBuildPhase section */
		1534EB5828C6429100BBE7D0 /* Frameworks */ = {
			isa = PBXFrameworksBuildPhase;
			buildActionMask = 2147483647;
			files = (
			);
			runOnlyForDeploymentPostprocessing = 0;
		};
/* End PBXFrameworksBuildPhase section */

/* Begin PBXGroup section */
		1534EB5228C6429100BBE7D0 = {
			isa = PBXGroup;
			children = (
				1534EB5D28C6429100BBE7D0 /* DrinkApp */,
				1534EB5C28C6429100BBE7D0 /* Products */,
			);
			sourceTree = "<group>";
		};
		1534EB5C28C6429100BBE7D0 /* Products */ = {
			isa = PBXGroup;
			children = (
				1534EB5B28C6429100BBE7D0 /* DrinkApp.app */,
			);
			name = Products;
			sourceTree = "<group>";
		};
		1534EB5D28C6429100BBE7D0 /* DrinkApp */ = {
			isa = PBXGroup;
			children = (
				1534EB6C28C6429200BBE7D0 /* Info.plist */,
				15968D2228E031DB00E28278 /* Controller */,
				15F6420828E0535900A9A545 /* Ext */,
				15968D2028E031CC00E28278 /* Model */,
				15968D2328E031E600E28278 /* Network Manager */,
				15968D2528E0324300E28278 /* Resource */,
				15968D2428E0323900E28278 /* Startup */,
				15968D2128E031D300E28278 /* View */,
			);
			path = DrinkApp;
			sourceTree = "<group>";
		};
		15968D2028E031CC00E28278 /* Model */ = {
			isa = PBXGroup;
			children = (
				15968D2B28E0335200E28278 /* Menu.swift */,
				1587A84728F6EF550086B564 /* Shop.swift */,
				15492E2828FBF45D0016C337 /* Order.swift */,
				1575D2FE2902582900A8423F /* City.swift */,
			);
			path = Model;
			sourceTree = "<group>";
		};
		15968D2128E031D300E28278 /* View */ = {
			isa = PBXGroup;
			children = (
				15968D2628E0326400E28278 /* Storyboard */,
				15968D2728E0327B00E28278 /* Cell */,
				1555D3C028DB7B8900650C1C /* CustomBarItem.swift */,
			);
			path = View;
			sourceTree = "<group>";
		};
		15968D2228E031DB00E28278 /* Controller */ = {
			isa = PBXGroup;
			children = (
				15FAA06F28DB781C009D77D1 /* CustomTabBarController.swift */,
				15FAA06728DB73EF009D77D1 /* HomeNavigationController.swift */,
				15FAA06D28DB7799009D77D1 /* HomeTabBarController.swift */,
				15FAA06928DB7445009D77D1 /* HomeViewController.swift */,
				1555D3C228DB7FAC00650C1C /* ShopViewController.swift */,
				15FAA06B28DB748D009D77D1 /* PickUpViewController.swift */,
				15492E2A28FD78300016C337 /* OrderViewController.swift */,
				1578CDF3290D1FAA0064CFC8 /* ShopBagViewController.swift */,
				15B8F9492908368B00E7F3F8 /* DrinkInfoViewController.swift */,
				15492E2028FBEC740016C337 /* HistoryViewController.swift */,
			);
			path = Controller;
			sourceTree = "<group>";
		};
		15968D2328E031E600E28278 /* Network Manager */ = {
			isa = PBXGroup;
			children = (
				15968D2928E0332C00E28278 /* APICaller.swift */,
			);
			path = "Network Manager";
			sourceTree = "<group>";
		};
		15968D2428E0323900E28278 /* Startup */ = {
			isa = PBXGroup;
			children = (
				1534EB5E28C6429100BBE7D0 /* AppDelegate.swift */,
				1534EB6028C6429100BBE7D0 /* SceneDelegate.swift */,
			);
			path = Startup;
			sourceTree = "<group>";
		};
		15968D2528E0324300E28278 /* Resource */ = {
			isa = PBXGroup;
			children = (
				1534EB6728C6429200BBE7D0 /* Assets.xcassets */,
			);
			path = Resource;
			sourceTree = "<group>";
		};
		15968D2628E0326400E28278 /* Storyboard */ = {
			isa = PBXGroup;
			children = (
				1534EB6928C6429200BBE7D0 /* LaunchScreen.storyboard */,
				1555D3C528E02DD200650C1C /* HomeTableViewCell.xib */,
				15492E2528FBEE530016C337 /* PickupTableViewCell.xib */,
				1587A83E28F2B5E00086B564 /* ShopTableViewCell.xib */,
				1587A84428F599110086B564 /* ShopCollectionViewCell.xib */,
				15492E2F28FD87790016C337 /* HistoryTableViewCell.xib */,
				1575D30129068CBC00A8423F /* OrderTableViewCell.xib */,
				15B8F94C2908394E00E7F3F8 /* DrinkInfoTableViewCell.xib */,
				15D42935291032FE0050BBFE /* ShopBagTableViewCell.xib */,
			);
			path = Storyboard;
			sourceTree = "<group>";
		};
		15968D2728E0327B00E28278 /* Cell */ = {
			isa = PBXGroup;
			children = (
				15492E2428FBEE530016C337 /* PickupTableViewCell.swift */,
				1555D3C428E02DD200650C1C /* HomeTableViewCell.swift */,
				1587A83D28F2B5E00086B564 /* ShopTableViewCell.swift */,
				1587A84328F599110086B564 /* ShopCollectionViewCell.swift */,
				1575D30029068CBC00A8423F /* OrderTableViewCell.swift */,
				15B8F94B2908394E00E7F3F8 /* DrinkInfoTableViewCell.swift */,
				15D42934291032FE0050BBFE /* ShopBagTableViewCell.swift */,
				15492E2E28FD87790016C337 /* HistoryTableViewCell.swift */,
			);
			path = Cell;
			sourceTree = "<group>";
		};
		15F6420828E0535900A9A545 /* Ext */ = {
			isa = PBXGroup;
			children = (
				15F6420928E0537400A9A545 /* Extension.swift */,
			);
			path = Ext;
			sourceTree = "<group>";
		};
/* End PBXGroup section */

/* Begin PBXNativeTarget section */
		1534EB5A28C6429100BBE7D0 /* DrinkApp */ = {
			isa = PBXNativeTarget;
			buildConfigurationList = 1534EB6F28C6429200BBE7D0 /* Build configuration list for PBXNativeTarget "DrinkApp" */;
			buildPhases = (
				1534EB5728C6429100BBE7D0 /* Sources */,
				1534EB5828C6429100BBE7D0 /* Frameworks */,
				1534EB5928C6429100BBE7D0 /* Resources */,
			);
			buildRules = (
			);
			dependencies = (
			);
			name = DrinkApp;
			productName = DrinkApp;
			productReference = 1534EB5B28C6429100BBE7D0 /* DrinkApp.app */;
			productType = "com.apple.product-type.application";
		};
/* End PBXNativeTarget section */

/* Begin PBXProject section */
		1534EB5328C6429100BBE7D0 /* Project object */ = {
			isa = PBXProject;
			attributes = {
				BuildIndependentTargetsInParallel = 1;
				LastSwiftUpdateCheck = 1400;
				LastUpgradeCheck = 1400;
				TargetAttributes = {
					1534EB5A28C6429100BBE7D0 = {
						CreatedOnToolsVersion = 14.0;
					};
				};
			};
			buildConfigurationList = 1534EB5628C6429100BBE7D0 /* Build configuration list for PBXProject "DrinkApp" */;
			compatibilityVersion = "Xcode 14.0";
			developmentRegion = en;
			hasScannedForEncodings = 0;
			knownRegions = (
				en,
				Base,
			);
			mainGroup = 1534EB5228C6429100BBE7D0;
			productRefGroup = 1534EB5C28C6429100BBE7D0 /* Products */;
			projectDirPath = "";
			projectRoot = "";
			targets = (
				1534EB5A28C6429100BBE7D0 /* DrinkApp */,
			);
		};
/* End PBXProject section */

/* Begin PBXResourcesBuildPhase section */
		1534EB5928C6429100BBE7D0 /* Resources */ = {
			isa = PBXResourcesBuildPhase;
			buildActionMask = 2147483647;
			files = (
				1587A84628F599110086B564 /* ShopCollectionViewCell.xib in Resources */,
				1534EB6B28C6429200BBE7D0 /* LaunchScreen.storyboard in Resources */,
				15D42937291032FE0050BBFE /* ShopBagTableViewCell.xib in Resources */,
				1534EB6828C6429200BBE7D0 /* Assets.xcassets in Resources */,
				15492E2728FBEE530016C337 /* PickupTableViewCell.xib in Resources */,
				1555D3C728E02DD200650C1C /* HomeTableViewCell.xib in Resources */,
				15492E3128FD87790016C337 /* HistoryTableViewCell.xib in Resources */,
				15B8F94E2908394E00E7F3F8 /* DrinkInfoTableViewCell.xib in Resources */,
				1575D30329068CBC00A8423F /* OrderTableViewCell.xib in Resources */,
				1587A84028F2B5E00086B564 /* ShopTableViewCell.xib in Resources */,
			);
			runOnlyForDeploymentPostprocessing = 0;
		};
/* End PBXResourcesBuildPhase section */

/* Begin PBXSourcesBuildPhase section */
		1534EB5728C6429100BBE7D0 /* Sources */ = {
			isa = PBXSourcesBuildPhase;
			buildActionMask = 2147483647;
			files = (
				15B8F94D2908394E00E7F3F8 /* DrinkInfoTableViewCell.swift in Sources */,
				1534EB5F28C6429100BBE7D0 /* AppDelegate.swift in Sources */,
				1555D3C328DB7FAC00650C1C /* ShopViewController.swift in Sources */,
				15FAA07028DB781C009D77D1 /* CustomTabBarController.swift in Sources */,
				15B8F94A2908368B00E7F3F8 /* DrinkInfoViewController.swift in Sources */,
				15D42936291032FE0050BBFE /* ShopBagTableViewCell.swift in Sources */,
				15492E2928FBF45D0016C337 /* Order.swift in Sources */,
				15968D2C28E0335200E28278 /* Menu.swift in Sources */,
				15FAA06E28DB7799009D77D1 /* HomeTabBarController.swift in Sources */,
				1587A83F28F2B5E00086B564 /* ShopTableViewCell.swift in Sources */,
				1575D30229068CBC00A8423F /* OrderTableViewCell.swift in Sources */,
				1555D3C628E02DD200650C1C /* HomeTableViewCell.swift in Sources */,
				1578CDF4290D1FAA0064CFC8 /* ShopBagViewController.swift in Sources */,
				15492E2628FBEE530016C337 /* PickupTableViewCell.swift in Sources */,
				15492E3028FD87790016C337 /* HistoryTableViewCell.swift in Sources */,
				1555D3C128DB7B8900650C1C /* CustomBarItem.swift in Sources */,
				15FAA06C28DB748D009D77D1 /* PickUpViewController.swift in Sources */,
				15492E2B28FD78300016C337 /* OrderViewController.swift in Sources */,
				1534EB6128C6429100BBE7D0 /* SceneDelegate.swift in Sources */,
				15F6420A28E0537400A9A545 /* Extension.swift in Sources */,
				15968D2A28E0332C00E28278 /* APICaller.swift in Sources */,
				15492E2128FBEC740016C337 /* HistoryViewController.swift in Sources */,
				1587A84528F599110086B564 /* ShopCollectionViewCell.swift in Sources */,
				1575D2FF2902582900A8423F /* City.swift in Sources */,
				15FAA06828DB73EF009D77D1 /* HomeNavigationController.swift in Sources */,
				15FAA06A28DB7445009D77D1 /* HomeViewController.swift in Sources */,
				1587A84828F6EF550086B564 /* Shop.swift in Sources */,
			);
			runOnlyForDeploymentPostprocessing = 0;
		};
/* End PBXSourcesBuildPhase section */

/* Begin PBXVariantGroup section */
		1534EB6928C6429200BBE7D0 /* LaunchScreen.storyboard */ = {
			isa = PBXVariantGroup;
			children = (
				1534EB6A28C6429200BBE7D0 /* Base */,
			);
			name = LaunchScreen.storyboard;
			sourceTree = "<group>";
		};
/* End PBXVariantGroup section */

/* Begin XCBuildConfiguration section */
		1534EB6D28C6429200BBE7D0 /* Debug */ = {
			isa = XCBuildConfiguration;
			buildSettings = {
				ALWAYS_SEARCH_USER_PATHS = NO;
				CLANG_ANALYZER_NONNULL = YES;
				CLANG_ANALYZER_NUMBER_OBJECT_CONVERSION = YES_AGGRESSIVE;
				CLANG_CXX_LANGUAGE_STANDARD = "gnu++20";
				CLANG_ENABLE_MODULES = YES;
				CLANG_ENABLE_OBJC_ARC = YES;
				CLANG_ENABLE_OBJC_WEAK = YES;
				CLANG_WARN_BLOCK_CAPTURE_AUTORELEASING = YES;
				CLANG_WARN_BOOL_CONVERSION = YES;
				CLANG_WARN_COMMA = YES;
				CLANG_WARN_CONSTANT_CONVERSION = YES;
				CLANG_WARN_DEPRECATED_OBJC_IMPLEMENTATIONS = YES;
				CLANG_WARN_DIRECT_OBJC_ISA_USAGE = YES_ERROR;
				CLANG_WARN_DOCUMENTATION_COMMENTS = YES;
				CLANG_WARN_EMPTY_BODY = YES;
				CLANG_WARN_ENUM_CONVERSION = YES;
				CLANG_WARN_INFINITE_RECURSION = YES;
				CLANG_WARN_INT_CONVERSION = YES;
				CLANG_WARN_NON_LITERAL_NULL_CONVERSION = YES;
				CLANG_WARN_OBJC_IMPLICIT_RETAIN_SELF = YES;
				CLANG_WARN_OBJC_LITERAL_CONVERSION = YES;
				CLANG_WARN_OBJC_ROOT_CLASS = YES_ERROR;
				CLANG_WARN_QUOTED_INCLUDE_IN_FRAMEWORK_HEADER = YES;
				CLANG_WARN_RANGE_LOOP_ANALYSIS = YES;
				CLANG_WARN_STRICT_PROTOTYPES = YES;
				CLANG_WARN_SUSPICIOUS_MOVE = YES;
				CLANG_WARN_UNGUARDED_AVAILABILITY = YES_AGGRESSIVE;
				CLANG_WARN_UNREACHABLE_CODE = YES;
				CLANG_WARN__DUPLICATE_METHOD_MATCH = YES;
				COPY_PHASE_STRIP = NO;
				DEBUG_INFORMATION_FORMAT = dwarf;
				ENABLE_STRICT_OBJC_MSGSEND = YES;
				ENABLE_TESTABILITY = YES;
				GCC_C_LANGUAGE_STANDARD = gnu11;
				GCC_DYNAMIC_NO_PIC = NO;
				GCC_NO_COMMON_BLOCKS = YES;
				GCC_OPTIMIZATION_LEVEL = 0;
				GCC_PREPROCESSOR_DEFINITIONS = (
					"DEBUG=1",
					"$(inherited)",
				);
				GCC_WARN_64_TO_32_BIT_CONVERSION = YES;
				GCC_WARN_ABOUT_RETURN_TYPE = YES_ERROR;
				GCC_WARN_UNDECLARED_SELECTOR = YES;
				GCC_WARN_UNINITIALIZED_AUTOS = YES_AGGRESSIVE;
				GCC_WARN_UNUSED_FUNCTION = YES;
				GCC_WARN_UNUSED_VARIABLE = YES;
				IPHONEOS_DEPLOYMENT_TARGET = 16.0;
				MTL_ENABLE_DEBUG_INFO = INCLUDE_SOURCE;
				MTL_FAST_MATH = YES;
				ONLY_ACTIVE_ARCH = YES;
				SDKROOT = iphoneos;
				SWIFT_ACTIVE_COMPILATION_CONDITIONS = DEBUG;
				SWIFT_OPTIMIZATION_LEVEL = "-Onone";
			};
			name = Debug;
		};
		1534EB6E28C6429200BBE7D0 /* Release */ = {
			isa = XCBuildConfiguration;
			buildSettings = {
				ALWAYS_SEARCH_USER_PATHS = NO;
				CLANG_ANALYZER_NONNULL = YES;
				CLANG_ANALYZER_NUMBER_OBJECT_CONVERSION = YES_AGGRESSIVE;
				CLANG_CXX_LANGUAGE_STANDARD = "gnu++20";
				CLANG_ENABLE_MODULES = YES;
				CLANG_ENABLE_OBJC_ARC = YES;
				CLANG_ENABLE_OBJC_WEAK = YES;
				CLANG_WARN_BLOCK_CAPTURE_AUTORELEASING = YES;
				CLANG_WARN_BOOL_CONVERSION = YES;
				CLANG_WARN_COMMA = YES;
				CLANG_WARN_CONSTANT_CONVERSION = YES;
				CLANG_WARN_DEPRECATED_OBJC_IMPLEMENTATIONS = YES;
				CLANG_WARN_DIRECT_OBJC_ISA_USAGE = YES_ERROR;
				CLANG_WARN_DOCUMENTATION_COMMENTS = YES;
				CLANG_WARN_EMPTY_BODY = YES;
				CLANG_WARN_ENUM_CONVERSION = YES;
				CLANG_WARN_INFINITE_RECURSION = YES;
				CLANG_WARN_INT_CONVERSION = YES;
				CLANG_WARN_NON_LITERAL_NULL_CONVERSION = YES;
				CLANG_WARN_OBJC_IMPLICIT_RETAIN_SELF = YES;
				CLANG_WARN_OBJC_LITERAL_CONVERSION = YES;
				CLANG_WARN_OBJC_ROOT_CLASS = YES_ERROR;
				CLANG_WARN_QUOTED_INCLUDE_IN_FRAMEWORK_HEADER = YES;
				CLANG_WARN_RANGE_LOOP_ANALYSIS = YES;
				CLANG_WARN_STRICT_PROTOTYPES = YES;
				CLANG_WARN_SUSPICIOUS_MOVE = YES;
				CLANG_WARN_UNGUARDED_AVAILABILITY = YES_AGGRESSIVE;
				CLANG_WARN_UNREACHABLE_CODE = YES;
				CLANG_WARN__DUPLICATE_METHOD_MATCH = YES;
				COPY_PHASE_STRIP = NO;
				DEBUG_INFORMATION_FORMAT = "dwarf-with-dsym";
				ENABLE_NS_ASSERTIONS = NO;
				ENABLE_STRICT_OBJC_MSGSEND = YES;
				GCC_C_LANGUAGE_STANDARD = gnu11;
				GCC_NO_COMMON_BLOCKS = YES;
				GCC_WARN_64_TO_32_BIT_CONVERSION = YES;
				GCC_WARN_ABOUT_RETURN_TYPE = YES_ERROR;
				GCC_WARN_UNDECLARED_SELECTOR = YES;
				GCC_WARN_UNINITIALIZED_AUTOS = YES_AGGRESSIVE;
				GCC_WARN_UNUSED_FUNCTION = YES;
				GCC_WARN_UNUSED_VARIABLE = YES;
				IPHONEOS_DEPLOYMENT_TARGET = 16.0;
				MTL_ENABLE_DEBUG_INFO = NO;
				MTL_FAST_MATH = YES;
				SDKROOT = iphoneos;
				SWIFT_COMPILATION_MODE = wholemodule;
				SWIFT_OPTIMIZATION_LEVEL = "-O";
				VALIDATE_PRODUCT = YES;
			};
			name = Release;
		};
		1534EB7028C6429200BBE7D0 /* Debug */ = {
			isa = XCBuildConfiguration;
			buildSettings = {
				ASSETCATALOG_COMPILER_APPICON_NAME = AppIcon;
				ASSETCATALOG_COMPILER_GLOBAL_ACCENT_COLOR_NAME = AccentColor;
				ASSETCATALOG_COMPILER_INCLUDE_ALL_APPICON_ASSETS = NO;
				CODE_SIGN_STYLE = Automatic;
				CURRENT_PROJECT_VERSION = 1;
				DEVELOPMENT_TEAM = BAFS86PG22;
				GENERATE_INFOPLIST_FILE = YES;
				INFOPLIST_FILE = DrinkApp/Info.plist;
				INFOPLIST_KEY_CFBundleDisplayName = Drinks;
				INFOPLIST_KEY_UIApplicationSupportsIndirectInputEvents = YES;
				INFOPLIST_KEY_UILaunchStoryboardName = LaunchScreen.storyboard;
				INFOPLIST_KEY_UIRequiresFullScreen = NO;
				INFOPLIST_KEY_UISupportedInterfaceOrientations_iPad = "UIInterfaceOrientationPortrait UIInterfaceOrientationPortraitUpsideDown UIInterfaceOrientationLandscapeLeft UIInterfaceOrientationLandscapeRight";
				INFOPLIST_KEY_UISupportedInterfaceOrientations_iPhone = "UIInterfaceOrientationPortrait UIInterfaceOrientationLandscapeLeft UIInterfaceOrientationLandscapeRight";
				IPHONEOS_DEPLOYMENT_TARGET = 16.0;
				LD_RUNPATH_SEARCH_PATHS = (
					"$(inherited)",
					"@executable_path/Frameworks",
				);
				MARKETING_VERSION = 1.0;
				PRODUCT_BUNDLE_IDENTIFIER = com.weifang.DrinkApp;
				PRODUCT_NAME = "$(TARGET_NAME)";
				SWIFT_EMIT_LOC_STRINGS = YES;
				SWIFT_VERSION = 5.0;
				TARGETED_DEVICE_FAMILY = "1,2";
			};
			name = Debug;
		};
		1534EB7128C6429200BBE7D0 /* Release */ = {
			isa = XCBuildConfiguration;
			buildSettings = {
				ASSETCATALOG_COMPILER_APPICON_NAME = AppIcon;
				ASSETCATALOG_COMPILER_GLOBAL_ACCENT_COLOR_NAME = AccentColor;
				ASSETCATALOG_COMPILER_INCLUDE_ALL_APPICON_ASSETS = NO;
				CODE_SIGN_STYLE = Automatic;
				CURRENT_PROJECT_VERSION = 1;
				DEVELOPMENT_TEAM = BAFS86PG22;
				GENERATE_INFOPLIST_FILE = YES;
				INFOPLIST_FILE = DrinkApp/Info.plist;
				INFOPLIST_KEY_CFBundleDisplayName = Drinks;
				INFOPLIST_KEY_UIApplicationSupportsIndirectInputEvents = YES;
				INFOPLIST_KEY_UILaunchStoryboardName = LaunchScreen.storyboard;
				INFOPLIST_KEY_UIRequiresFullScreen = NO;
				INFOPLIST_KEY_UISupportedInterfaceOrientations_iPad = "UIInterfaceOrientationPortrait UIInterfaceOrientationPortraitUpsideDown UIInterfaceOrientationLandscapeLeft UIInterfaceOrientationLandscapeRight";
				INFOPLIST_KEY_UISupportedInterfaceOrientations_iPhone = "UIInterfaceOrientationPortrait UIInterfaceOrientationLandscapeLeft UIInterfaceOrientationLandscapeRight";
				IPHONEOS_DEPLOYMENT_TARGET = 16.0;
				LD_RUNPATH_SEARCH_PATHS = (
					"$(inherited)",
					"@executable_path/Frameworks",
				);
				MARKETING_VERSION = 1.0;
				PRODUCT_BUNDLE_IDENTIFIER = com.weifang.DrinkApp;
				PRODUCT_NAME = "$(TARGET_NAME)";
				SWIFT_EMIT_LOC_STRINGS = YES;
				SWIFT_VERSION = 5.0;
				TARGETED_DEVICE_FAMILY = "1,2";
			};
			name = Release;
		};
/* End XCBuildConfiguration section */

/* Begin XCConfigurationList section */
		1534EB5628C6429100BBE7D0 /* Build configuration list for PBXProject "DrinkApp" */ = {
			isa = XCConfigurationList;
			buildConfigurations = (
				1534EB6D28C6429200BBE7D0 /* Debug */,
				1534EB6E28C6429200BBE7D0 /* Release */,
			);
			defaultConfigurationIsVisible = 0;
			defaultConfigurationName = Release;
		};
		1534EB6F28C6429200BBE7D0 /* Build configuration list for PBXNativeTarget "DrinkApp" */ = {
			isa = XCConfigurationList;
			buildConfigurations = (
				1534EB7028C6429200BBE7D0 /* Debug */,
				1534EB7128C6429200BBE7D0 /* Release */,
			);
			defaultConfigurationIsVisible = 0;
			defaultConfigurationName = Release;
		};
/* End XCConfigurationList section */
	};
	rootObject = 1534EB5328C6429100BBE7D0 /* Project object */;
}
